// !$*UTF8*$!
{
	archiveVersion = 1;
	classes = {
	};
	objectVersion = 46;
	objects = {

/* Begin PBXBuildFile section */
		5E4CDAEB1D25754000B5A9EE /* main.m in Sources */ = {isa = PBXBuildFile; fileRef = 5E4CDAEA1D25754000B5A9EE /* main.m */; };
		5E4CDAEE1D25754000B5A9EE /* AppDelegate.m in Sources */ = {isa = PBXBuildFile; fileRef = 5E4CDAED1D25754000B5A9EE /* AppDelegate.m */; };
		5E4CDAF41D25754000B5A9EE /* Main.storyboard in Resources */ = {isa = PBXBuildFile; fileRef = 5E4CDAF21D25754000B5A9EE /* Main.storyboard */; };
		5E4CDAF61D25754000B5A9EE /* Assets.xcassets in Resources */ = {isa = PBXBuildFile; fileRef = 5E4CDAF51D25754000B5A9EE /* Assets.xcassets */; };
		5E4CDAF91D25754000B5A9EE /* LaunchScreen.storyboard in Resources */ = {isa = PBXBuildFile; fileRef = 5E4CDAF71D25754000B5A9EE /* LaunchScreen.storyboard */; };
		5E4CDB031D25764600B5A9EE /* GameModel.m in Sources */ = {isa = PBXBuildFile; fileRef = 5E4CDB021D25764600B5A9EE /* GameModel.m */; };
		5E4CDB071D25764D00B5A9EE /* NumberCell.m in Sources */ = {isa = PBXBuildFile; fileRef = 5E4CDB061D25764D00B5A9EE /* NumberCell.m */; };
		5E4CDB0D1D25765500B5A9EE /* SettingViewController.m in Sources */ = {isa = PBXBuildFile; fileRef = 5E4CDB0A1D25765500B5A9EE /* SettingViewController.m */; };
		5E4CDB0E1D25765500B5A9EE /* ViewController.m in Sources */ = {isa = PBXBuildFile; fileRef = 5E4CDB0C1D25765500B5A9EE /* ViewController.m */; };
		5E4CDB121D25769B00B5A9EE /* 1.jpg in Resources */ = {isa = PBXBuildFile; fileRef = 5E4CDB101D25769B00B5A9EE /* 1.jpg */; };
		5E4CDB131D25769B00B5A9EE /* icon.png in Resources */ = {isa = PBXBuildFile; fileRef = 5E4CDB111D25769B00B5A9EE /* icon.png */; };
/* End PBXBuildFile section */

/* Begin PBXFileReference section */
		5E4CDAE61D25754000B5A9EE /* game2048.app */ = {isa = PBXFileReference; explicitFileType = wrapper.application; includeInIndex = 0; path = game2048.app; sourceTree = BUILT_PRODUCTS_DIR; };
		5E4CDAEA1D25754000B5A9EE /* main.m */ = {isa = PBXFileReference; lastKnownFileType = sourcecode.c.objc; path = main.m; sourceTree = "<group>"; };
		5E4CDAEC1D25754000B5A9EE /* AppDelegate.h */ = {isa = PBXFileReference; lastKnownFileType = sourcecode.c.h; path = AppDelegate.h; sourceTree = "<group>"; };
		5E4CDAED1D25754000B5A9EE /* AppDelegate.m */ = {isa = PBXFileReference; lastKnownFileType = sourcecode.c.objc; path = AppDelegate.m; sourceTree = "<group>"; };
		5E4CDAF31D25754000B5A9EE /* Base */ = {isa = PBXFileReference; lastKnownFileType = file.storyboard; name = Base; path = Base.lproj/Main.storyboard; sourceTree = "<group>"; };
		5E4CDAF51D25754000B5A9EE /* Assets.xcassets */ = {isa = PBXFileReference; lastKnownFileType = folder.assetcatalog; name = Assets.xcassets; path = ../Assets.xcassets; sourceTree = "<group>"; };
		5E4CDAF81D25754000B5A9EE /* Base */ = {isa = PBXFileReference; lastKnownFileType = file.storyboard; name = Base; path = Base.lproj/LaunchScreen.storyboard; sourceTree = "<group>"; };
		5E4CDAFA1D25754000B5A9EE /* Info.plist */ = {isa = PBXFileReference; lastKnownFileType = text.plist.xml; name = Info.plist; path = ../Info.plist; sourceTree = "<group>"; };
		5E4CDB011D25764600B5A9EE /* GameModel.h */ = {isa = PBXFileReference; fileEncoding = 4; lastKnownFileType = sourcecode.c.h; path = GameModel.h; sourceTree = "<group>"; };
		5E4CDB021D25764600B5A9EE /* GameModel.m */ = {isa = PBXFileReference; fileEncoding = 4; lastKnownFileType = sourcecode.c.objc; path = GameModel.m; sourceTree = "<group>"; };
		5E4CDB051D25764D00B5A9EE /* NumberCell.h */ = {isa = PBXFileReference; fileEncoding = 4; lastKnownFileType = sourcecode.c.h; path = NumberCell.h; sourceTree = "<group>"; };
		5E4CDB061D25764D00B5A9EE /* NumberCell.m */ = {isa = PBXFileReference; fileEncoding = 4; lastKnownFileType = sourcecode.c.objc; path = NumberCell.m; sourceTree = "<group>"; };
		5E4CDB091D25765500B5A9EE /* SettingViewController.h */ = {isa = PBXFileReference; fileEncoding = 4; lastKnownFileType = sourcecode.c.h; path = SettingViewController.h; sourceTree = "<group>"; };
		5E4CDB0A1D25765500B5A9EE /* SettingViewController.m */ = {isa = PBXFileReference; fileEncoding = 4; lastKnownFileType = sourcecode.c.objc; path = SettingViewController.m; sourceTree = "<group>"; };
		5E4CDB0B1D25765500B5A9EE /* ViewController.h */ = {isa = PBXFileReference; fileEncoding = 4; lastKnownFileType = sourcecode.c.h; path = ViewController.h; sourceTree = "<group>"; };
		5E4CDB0C1D25765500B5A9EE /* ViewController.m */ = {isa = PBXFileReference; fileEncoding = 4; lastKnownFileType = sourcecode.c.objc; path = ViewController.m; sourceTree = "<group>"; };
		5E4CDB101D25769B00B5A9EE /* 1.jpg */ = {isa = PBXFileReference; lastKnownFileType = image.jpeg; path = 1.jpg; sourceTree = "<group>"; };
		5E4CDB111D25769B00B5A9EE /* icon.png */ = {isa = PBXFileReference; lastKnownFileType = image.png; path = icon.png; sourceTree = "<group>"; };
/* End PBXFileReference section */

/* Begin PBXFrameworksBuildPhase section */
		5E4CDAE31D25754000B5A9EE /* Frameworks */ = {
			isa = PBXFrameworksBuildPhase;
			buildActionMask = 2147483647;
			files = (
			);
			runOnlyForDeploymentPostprocessing = 0;
		};
/* End PBXFrameworksBuildPhase section */

/* Begin PBXGroup section */
		5E4CDADD1D25754000B5A9EE = {
			isa = PBXGroup;
			children = (
				5E4CDAE81D25754000B5A9EE /* game2048 */,
				5E4CDAE71D25754000B5A9EE /* Products */,
			);
			sourceTree = "<group>";
		};
		5E4CDAE71D25754000B5A9EE /* Products */ = {
			isa = PBXGroup;
			children = (
				5E4CDAE61D25754000B5A9EE /* game2048.app */,
			);
			name = Products;
			sourceTree = "<group>";
		};
		5E4CDAE81D25754000B5A9EE /* game2048 */ = {
			isa = PBXGroup;
			children = (
				5E4CDAEC1D25754000B5A9EE /* AppDelegate.h */,
				5E4CDAED1D25754000B5A9EE /* AppDelegate.m */,
				5E4CDB001D25764600B5A9EE /* Model */,
				5E4CDB041D25764D00B5A9EE /* View */,
				5E4CDB081D25765500B5A9EE /* Controller */,
				5E4CDB0F1D25765B00B5A9EE /* Oterh */,
				5E4CDAE91D25754000B5A9EE /* Supporting Files */,
			);
			path = game2048;
			sourceTree = "<group>";
		};
		5E4CDAE91D25754000B5A9EE /* Supporting Files */ = {
			isa = PBXGroup;
			children = (
				5E4CDAEA1D25754000B5A9EE /* main.m */,
				5E4CDB101D25769B00B5A9EE /* 1.jpg */,
				5E4CDB111D25769B00B5A9EE /* icon.png */,
			);
			name = "Supporting Files";
			sourceTree = "<group>";
		};
		5E4CDB001D25764600B5A9EE /* Model */ = {
			isa = PBXGroup;
			children = (
				5E4CDB011D25764600B5A9EE /* GameModel.h */,
				5E4CDB021D25764600B5A9EE /* GameModel.m */,
			);
			path = Model;
			sourceTree = "<group>";
		};
		5E4CDB041D25764D00B5A9EE /* View */ = {
			isa = PBXGroup;
			children = (
				5E4CDB051D25764D00B5A9EE /* NumberCell.h */,
				5E4CDB061D25764D00B5A9EE /* NumberCell.m */,
			);
			path = View;
			sourceTree = "<group>";
		};
		5E4CDB081D25765500B5A9EE /* Controller */ = {
			isa = PBXGroup;
			children = (
				5E4CDB091D25765500B5A9EE /* SettingViewController.h */,
				5E4CDB0A1D25765500B5A9EE /* SettingViewController.m */,
				5E4CDB0B1D25765500B5A9EE /* ViewController.h */,
				5E4CDB0C1D25765500B5A9EE /* ViewController.m */,
			);
			path = Controller;
			sourceTree = "<group>";
		};
		5E4CDB0F1D25765B00B5A9EE /* Oterh */ = {
			isa = PBXGroup;
			children = (
				5E4CDAF21D25754000B5A9EE /* Main.storyboard */,
				5E4CDAF51D25754000B5A9EE /* Assets.xcassets */,
				5E4CDAF71D25754000B5A9EE /* LaunchScreen.storyboard */,
				5E4CDAFA1D25754000B5A9EE /* Info.plist */,
			);
			name = Oterh;
			path = Controller;
			sourceTree = "<group>";
		};
/* End PBXGroup section */

/* Begin PBXNativeTarget section */
		5E4CDAE51D25754000B5A9EE /* game2048 */ = {
			isa = PBXNativeTarget;
			buildConfigurationList = 5E4CDAFD1D25754000B5A9EE /* Build configuration list for PBXNativeTarget "game2048" */;
			buildPhases = (
				5E4CDAE21D25754000B5A9EE /* Sources */,
				5E4CDAE31D25754000B5A9EE /* Frameworks */,
				5E4CDAE41D25754000B5A9EE /* Resources */,
			);
			buildRules = (
			);
			dependencies = (
			);
			name = game2048;
			productName = game2048;
			productReference = 5E4CDAE61D25754000B5A9EE /* game2048.app */;
			productType = "com.apple.product-type.application";
		};
/* End PBXNativeTarget section */

/* Begin PBXProject section */
		5E4CDADE1D25754000B5A9EE /* Project object */ = {
			isa = PBXProject;
			attributes = {
				LastUpgradeCheck = 0730;
				ORGANIZATIONNAME = SingYi;
				TargetAttributes = {
					5E4CDAE51D25754000B5A9EE = {
						CreatedOnToolsVersion = 7.3.1;
					};
				};
			};
			buildConfigurationList = 5E4CDAE11D25754000B5A9EE /* Build configuration list for PBXProject "game2048" */;
			compatibilityVersion = "Xcode 3.2";
			developmentRegion = English;
			hasScannedForEncodings = 0;
			knownRegions = (
				en,
				Base,
			);
			mainGroup = 5E4CDADD1D25754000B5A9EE;
			productRefGroup = 5E4CDAE71D25754000B5A9EE /* Products */;
			projectDirPath = "";
			projectRoot = "";
			targets = (
				5E4CDAE51D25754000B5A9EE /* game2048 */,
			);
		};
/* End PBXProject section */

/* Begin PBXResourcesBuildPhase section */
		5E4CDAE41D25754000B5A9EE /* Resources */ = {
			isa = PBXResourcesBuildPhase;
			buildActionMask = 2147483647;
			files = (
				5E4CDAF91D25754000B5A9EE /* LaunchScreen.storyboard in Resources */,
				5E4CDB131D25769B00B5A9EE /* icon.png in Resources */,
				5E4CDB121D25769B00B5A9EE /* 1.jpg in Resources */,
				5E4CDAF61D25754000B5A9EE /* Assets.xcassets in Resources */,
				5E4CDAF41D25754000B5A9EE /* Main.storyboard in Resources */,
			);
			runOnlyForDeploymentPostprocessing = 0;
		};
/* End PBXResourcesBuildPhase section */

/* Begin PBXSourcesBuildPhase section */
		5E4CDAE21D25754000B5A9EE /* Sources */ = {
			isa = PBXSourcesBuildPhase;
			buildActionMask = 2147483647;
			files = (
				5E4CDB0E1D25765500B5A9EE /* ViewController.m in Sources */,
				5E4CDB071D25764D00B5A9EE /* NumberCell.m in Sources */,
				5E4CDAEE1D25754000B5A9EE /* AppDelegate.m in Sources */,
				5E4CDB031D25764600B5A9EE /* GameModel.m in Sources */,
				5E4CDAEB1D25754000B5A9EE /* main.m in Sources */,
				5E4CDB0D1D25765500B5A9EE /* SettingViewController.m in Sources */,
			);
			runOnlyForDeploymentPostprocessing = 0;
		};
/* End PBXSourcesBuildPhase section */

/* Begin PBXVariantGroup section */
		5E4CDAF21D25754000B5A9EE /* Main.storyboard */ = {
			isa = PBXVariantGroup;
			children = (
				5E4CDAF31D25754000B5A9EE /* Base */,
			);
			name = Main.storyboard;
			path = ..;
			sourceTree = "<group>";
		};
		5E4CDAF71D25754000B5A9EE /* LaunchScreen.storyboard */ = {
			isa = PBXVariantGroup;
			children = (
				5E4CDAF81D25754000B5A9EE /* Base */,
			);
			name = LaunchScreen.storyboard;
			path = ..;
			sourceTree = "<group>";
		};
/* End PBXVariantGroup section */

/* Begin XCBuildConfiguration section */
		5E4CDAFB1D25754000B5A9EE /* Debug */ = {
			isa = XCBuildConfiguration;
			buildSettings = {
				ALWAYS_SEARCH_USER_PATHS = NO;
				CLANG_ANALYZER_NONNULL = YES;
				CLANG_CXX_LANGUAGE_STANDARD = "gnu++0x";
				CLANG_CXX_LIBRARY = "libc++";
				CLANG_ENABLE_MODULES = YES;
				CLANG_ENABLE_OBJC_ARC = YES;
				CLANG_WARN_BOOL_CONVERSION = YES;
				CLANG_WARN_CONSTANT_CONVERSION = YES;
				CLANG_WARN_DIRECT_OBJC_ISA_USAGE = YES_ERROR;
				CLANG_WARN_EMPTY_BODY = YES;
				CLANG_WARN_ENUM_CONVERSION = YES;
				CLANG_WARN_INT_CONVERSION = YES;
				CLANG_WARN_OBJC_ROOT_CLASS = YES_ERROR;
				CLANG_WARN_UNREACHABLE_CODE = YES;
				CLANG_WARN__DUPLICATE_METHOD_MATCH = YES;
				"CODE_SIGN_IDENTITY[sdk=iphoneos*]" = "iPhone Developer";
				COPY_PHASE_STRIP = NO;
				DEBUG_INFORMATION_FORMAT = dwarf;
				ENABLE_STRICT_OBJC_MSGSEND = YES;
				ENABLE_TESTABILITY = YES;
				GCC_C_LANGUAGE_STANDARD = gnu99;
				GCC_DYNAMIC_NO_PIC = NO;
				GCC_NO_COMMON_BLOCKS = YES;
				GCC_OPTIMIZATION_LEVEL = 0;
				GCC_PREPROCESSOR_DEFINITIONS = (
					"DEBUG=1",
					"$(inherited)",
				);
				GCC_WARN_64_TO_32_BIT_CONVERSION = YES;
				GCC_WARN_ABOUT_RETURN_TYPE = YES_ERROR;
				GCC_WARN_UNDECLARED_SELECTOR = YES;
				GCC_WARN_UNINITIALIZED_AUTOS = YES_AGGRESSIVE;
				GCC_WARN_UNUSED_FUNCTION = YES;
				GCC_WARN_UNUSED_VARIABLE = YES;
				IPHONEOS_DEPLOYMENT_TARGET = 9.3;
				MTL_ENABLE_DEBUG_INFO = YES;
				ONLY_ACTIVE_ARCH = YES;
				SDKROOT = iphoneos;
				TARGETED_DEVICE_FAMILY = "1,2";
			};
			name = Debug;
		};
		5E4CDAFC1D25754000B5A9EE /* Release */ = {
			isa = XCBuildConfiguration;
			buildSettings = {
				ALWAYS_SEARCH_USER_PATHS = NO;
				CLANG_ANALYZER_NONNULL = YES;
				CLANG_CXX_LANGUAGE_STANDARD = "gnu++0x";
				CLANG_CXX_LIBRARY = "libc++";
				CLANG_ENABLE_MODULES = YES;
				CLANG_ENABLE_OBJC_ARC = YES;
				CLANG_WARN_BOOL_CONVERSION = YES;
				CLANG_WARN_CONSTANT_CONVERSION = YES;
				CLANG_WARN_DIRECT_OBJC_ISA_USAGE = YES_ERROR;
				CLANG_WARN_EMPTY_BODY = YES;
				CLANG_WARN_ENUM_CONVERSION = YES;
				CLANG_WARN_INT_CONVERSION = YES;
				CLANG_WARN_OBJC_ROOT_CLASS = YES_ERROR;
				CLANG_WARN_UNREACHABLE_CODE = YES;
				CLANG_WARN__DUPLICATE_METHOD_MATCH = YES;
				"CODE_SIGN_IDENTITY[sdk=iphoneos*]" = "iPhone Developer";
				COPY_PHASE_STRIP = NO;
				DEBUG_INFORMATION_FORMAT = "dwarf-with-dsym";
				ENABLE_NS_ASSERTIONS = NO;
				ENABLE_STRICT_OBJC_MSGSEND = YES;
				GCC_C_LANGUAGE_STANDARD = gnu99;
				GCC_NO_COMMON_BLOCKS = YES;
				GCC_WARN_64_TO_32_BIT_CONVERSION = YES;
				GCC_WARN_ABOUT_RETURN_TYPE = YES_ERROR;
				GCC_WARN_UNDECLARED_SELECTOR = YES;
				GCC_WARN_UNINITIALIZED_AUTOS = YES_AGGRESSIVE;
				GCC_WARN_UNUSED_FUNCTION = YES;
				GCC_WARN_UNUSED_VARIABLE = YES;
				IPHONEOS_DEPLOYMENT_TARGET = 9.3;
				MTL_ENABLE_DEBUG_INFO = NO;
				SDKROOT = iphoneos;
				TARGETED_DEVICE_FAMILY = "1,2";
				VALIDATE_PRODUCT = YES;
			};
			name = Release;
		};
		5E4CDAFE1D25754000B5A9EE /* Debug */ = {
			isa = XCBuildConfiguration;
			buildSettings = {
				ASSETCATALOG_COMPILER_APPICON_NAME = AppIcon;
				INFOPLIST_FILE = game2048/Info.plist;
				LD_RUNPATH_SEARCH_PATHS = "$(inherited) @executable_path/Frameworks";
				PRODUCT_BUNDLE_IDENTIFIER = Sy.game2048;
				PRODUCT_NAME = "$(TARGET_NAME)";
			};
			name = Debug;
		};
		5E4CDAFF1D25754000B5A9EE /* Release */ = {
			isa = XCBuildConfiguration;
			buildSettings = {
				ASSETCATALOG_COMPILER_APPICON_NAME = AppIcon;
				INFOPLIST_FILE = game2048/Info.plist;
				LD_RUNPATH_SEARCH_PATHS = "$(inherited) @executable_path/Frameworks";
				PRODUCT_BUNDLE_IDENTIFIER = Sy.game2048;
				PRODUCT_NAME = "$(TARGET_NAME)";
			};
			name = Release;
		};
/* End XCBuildConfiguration section */

/* Begin XCConfigurationList section */
		5E4CDAE11D25754000B5A9EE /* Build configuration list for PBXProject "game2048" */ = {
			isa = XCConfigurationList;
			buildConfigurations = (
				5E4CDAFB1D25754000B5A9EE /* Debug */,
				5E4CDAFC1D25754000B5A9EE /* Release */,
			);
			defaultConfigurationIsVisible = 0;
			defaultConfigurationName = Release;
		};
		5E4CDAFD1D25754000B5A9EE /* Build configuration list for PBXNativeTarget "game2048" */ = {
			isa = XCConfigurationList;
			buildConfigurations = (
				5E4CDAFE1D25754000B5A9EE /* Debug */,
				5E4CDAFF1D25754000B5A9EE /* Release */,
			);
			defaultConfigurationIsVisible = 0;
		};
/* End XCConfigurationList section */
	};
	rootObject = 5E4CDADE1D25754000B5A9EE /* Project object */;
}
